<?xml version="1.0" encoding="utf-8"?>
<Project ToolsVersion="4.0" xmlns="http://schemas.microsoft.com/developer/msbuild/2003">
  <ItemGroup>
    <Filter Include="frame">
      <UniqueIdentifier>{bb763252-a0ad-45d3-8941-e0d2d153c938}</UniqueIdentifier>
    </Filter>
    <Filter Include="frame\detail">
      <UniqueIdentifier>{7653a908-a019-47e9-9c73-82f1621d2f93}</UniqueIdentifier>
    </Filter>
    <Filter Include="frame\frame">
      <UniqueIdentifier>{f2ac435f-2b29-4461-ba51-b7df3f28bf31}</UniqueIdentifier>
    </Filter>
    <Filter Include="frame\library">
      <UniqueIdentifier>{d22de338-67a5-4535-9061-a35e56341ffd}</UniqueIdentifier>
    </Filter>
    <Filter Include="frame\stage">
      <UniqueIdentifier>{2b11e1a0-9b69-4748-ae7e-7337f2cf492a}</UniqueIdentifier>
    </Filter>
    <Filter Include="frame\tree">
      <UniqueIdentifier>{fabe2985-214e-40e8-a5a1-9e2f42db58b6}</UniqueIdentifier>
    </Filter>
    <Filter Include="mask">
      <UniqueIdentifier>{a0814d30-c873-4c45-817c-38f4d2014634}</UniqueIdentifier>
    </Filter>
    <Filter Include="scale9">
      <UniqueIdentifier>{039df47e-8cdb-4f9d-8ded-c5d49d95425a}</UniqueIdentifier>
    </Filter>
    <Filter Include="frame\preview">
      <UniqueIdentifier>{b87ee58f-e935-4243-8fc0-5e091731df77}</UniqueIdentifier>
    </Filter>
  </ItemGroup>
  <ItemGroup>
    <ClInclude Include="..\..\..\src\frame\main.h">
      <Filter>frame\frame</Filter>
    </ClInclude>
    <ClInclude Include="..\..\..\src\mask\WxEditDialog.h">
      <Filter>mask</Filter>
    </ClInclude>
    <ClInclude Include="..\..\..\src\frame\Application.h">
      <Filter>frame\frame</Filter>
    </ClInclude>
    <ClInclude Include="..\..\..\src\frame\WxLibraryPanel.h">
      <Filter>frame\library</Filter>
    </ClInclude>
    <ClInclude Include="..\..\..\src\frame\WxStagePanel.h">
      <Filter>frame\stage</Filter>
    </ClInclude>
    <ClInclude Include="..\..\..\src\frame\WxSceneTreeCtrl.h">
      <Filter>frame\tree</Filter>
    </ClInclude>
    <ClInclude Include="..\..\..\src\frame\WxSceneTreeItem.h">
      <Filter>frame\tree</Filter>
    </ClInclude>
    <ClInclude Include="..\..\..\src\frame\WxSceneTreePanel.h">
      <Filter>frame\tree</Filter>
    </ClInclude>
    <ClInclude Include="..\..\..\src\frame\WxDetailPanel.h">
      <Filter>frame\detail</Filter>
    </ClInclude>
    <ClInclude Include="..\..\..\src\frame\NodeSelectOP.h">
      <Filter>frame\stage</Filter>
    </ClInclude>
    <ClInclude Include="..\..\..\src\frame\Blackboard.h">
      <Filter>frame\frame</Filter>
    </ClInclude>
    <ClInclude Include="..\..\..\src\frame\Serializer.h">
      <Filter>frame\frame</Filter>
    </ClInclude>
    <ClInclude Include="..\..\..\src\frame\WxFrame.h">
      <Filter>frame\frame</Filter>
    </ClInclude>
    <ClInclude Include="..\..\..\src\mask\WxStagePage.h">
      <Filter>mask</Filter>
    </ClInclude>
    <ClInclude Include="..\..\..\src\scale9\WxStagePage.h">
      <Filter>scale9</Filter>
    </ClInclude>
    <ClInclude Include="..\..\..\src\scale9\WxStageCanvas.h">
      <Filter>scale9</Filter>
    </ClInclude>
    <ClInclude Include="..\..\..\src\scale9\ComposeGrids.h">
      <Filter>scale9</Filter>
    </ClInclude>
    <ClInclude Include="..\..\..\src\scale9\WxEditDialog.h">
      <Filter>scale9</Filter>
    </ClInclude>
    <ClInclude Include="..\..\..\src\frame\WxPreviewPanel.h">
      <Filter>frame\preview</Filter>
    </ClInclude>
    <ClInclude Include="..\..\..\src\frame\WxPreviewCanvas.h">
      <Filter>frame\preview</Filter>
    </ClInclude>
    <ClInclude Include="..\..\..\src\frame\WxStagePage.h">
      <Filter>frame\stage</Filter>
    </ClInclude>
  </ItemGroup>
  <ItemGroup>
    <ClCompile Include="..\..\..\src\frame\main.cpp">
      <Filter>frame\frame</Filter>
    </ClCompile>
    <ClCompile Include="..\..\..\src\mask\WxEditDialog.cpp">
      <Filter>mask</Filter>
    </ClCompile>
    <ClCompile Include="..\..\..\src\frame\Application.cpp">
      <Filter>frame\frame</Filter>
    </ClCompile>
    <ClCompile Include="..\..\..\src\frame\WxLibraryPanel.cpp">
      <Filter>frame\library</Filter>
    </ClCompile>
    <ClCompile Include="..\..\..\src\frame\WxStagePanel.cpp">
      <Filter>frame\stage</Filter>
    </ClCompile>
    <ClCompile Include="..\..\..\src\frame\WxSceneTreeCtrl.cpp">
      <Filter>frame\tree</Filter>
    </ClCompile>
    <ClCompile Include="..\..\..\src\frame\WxSceneTreeItem.cpp">
      <Filter>frame\tree</Filter>
    </ClCompile>
    <ClCompile Include="..\..\..\src\frame\WxSceneTreePanel.cpp">
      <Filter>frame\tree</Filter>
    </ClCompile>
    <ClCompile Include="..\..\..\src\frame\WxDetailPanel.cpp">
      <Filter>frame\detail</Filter>
    </ClCompile>
    <ClCompile Include="..\..\..\src\frame\NodeSelectOP.cpp">
      <Filter>frame\stage</Filter>
    </ClCompile>
    <ClCompile Include="..\..\..\src\frame\Blackboard.cpp">
      <Filter>frame\frame</Filter>
    </ClCompile>
    <ClCompile Include="..\..\..\src\frame\Serializer.cpp">
      <Filter>frame\frame</Filter>
    </ClCompile>
    <ClCompile Include="..\..\..\src\frame\WxFrame.cpp">
      <Filter>frame\frame</Filter>
    </ClCompile>
    <ClCompile Include="..\..\..\src\mask\WxStagePage.cpp">
      <Filter>mask</Filter>
    </ClCompile>
    <ClCompile Include="..\..\..\src\scale9\WxStagePage.cpp">
      <Filter>scale9</Filter>
    </ClCompile>
    <ClCompile Include="..\..\..\src\scale9\WxStageCanvas.cpp">
      <Filter>scale9</Filter>
    </ClCompile>
    <ClCompile Include="..\..\..\src\scale9\ComposeGrids.cpp">
      <Filter>scale9</Filter>
    </ClCompile>
    <ClCompile Include="..\..\..\src\scale9\WxEditDialog.cpp">
      <Filter>scale9</Filter>
    </ClCompile>
    <ClCompile Include="..\..\..\src\frame\WxPreviewPanel.cpp">
      <Filter>frame\preview</Filter>
    </ClCompile>
    <ClCompile Include="..\..\..\src\frame\WxPreviewCanvas.cpp">
      <Filter>frame\preview</Filter>
    </ClCompile>
    <ClCompile Include="..\..\..\src\frame\WxStagePage.cpp">
      <Filter>frame\stage</Filter>
    </ClCompile>
  </ItemGroup>
</Project>