<?xml version="1.0" encoding="utf-8"?>
<Project ToolsVersion="4.0" xmlns="http://schemas.microsoft.com/developer/msbuild/2003">
  <ItemGroup>
    <Filter Include="component">
      <UniqueIdentifier>{b2e45854-1001-4123-9d90-9609cca35ed0}</UniqueIdentifier>
    </Filter>
    <Filter Include="dataset">
      <UniqueIdentifier>{fb5939b0-6fe4-4262-adbb-bd4ca892873e}</UniqueIdentifier>
    </Filter>
    <Filter Include="system">
      <UniqueIdentifier>{ddc703c6-4115-4d8c-a0af-00ba963d4687}</UniqueIdentifier>
    </Filter>
    <Filter Include="script">
      <UniqueIdentifier>{38cdd3aa-1a75-48a7-bc45-e53ab1be8ac1}</UniqueIdentifier>
    </Filter>
  </ItemGroup>
  <ItemGroup>
    <ClCompile Include="..\..\..\source\Node.cpp">
      <Filter>dataset</Filter>
    </ClCompile>
    <ClCompile Include="..\..\..\source\Graph.cpp">
      <Filter>dataset</Filter>
    </ClCompile>
    <ClCompile Include="..\..\..\source\CompNode.cpp">
      <Filter>component</Filter>
    </ClCompile>
    <ClCompile Include="..\..\..\source\CompGraph.cpp">
      <Filter>component</Filter>
    </ClCompile>
    <ClCompile Include="..\..\..\source\RenderSystem.cpp">
      <Filter>system</Filter>
    </ClCompile>
    <ClCompile Include="..\..\..\source\wrap_Blueprint.cpp">
      <Filter>script</Filter>
    </ClCompile>
  </ItemGroup>
  <ItemGroup>
    <ClInclude Include="..\..\..\include\blueprint\Node.h">
      <Filter>dataset</Filter>
    </ClInclude>
    <ClInclude Include="..\..\..\include\blueprint\Graph.h">
      <Filter>dataset</Filter>
    </ClInclude>
    <ClInclude Include="..\..\..\include\blueprint\CompNode.h">
      <Filter>component</Filter>
    </ClInclude>
    <ClInclude Include="..\..\..\include\blueprint\CompGraph.h">
      <Filter>component</Filter>
    </ClInclude>
    <ClInclude Include="..\..\..\include\blueprint\RenderSystem.h">
      <Filter>system</Filter>
    </ClInclude>
    <ClInclude Include="..\..\..\include\blueprint\BlueprintModule.h">
      <Filter>script</Filter>
    </ClInclude>
  </ItemGroup>
</Project>