
Microsoft Visual Studio Solution File, Format Version 12.00
# Visual Studio 15
VisualStudioVersion = 15.0.27130.2020
MinimumVisualStudioVersion = 10.0.40219.1
Project("{8BC9CEB8-8B4A-11D0-8D11-00A0C91BC942}") = "1.rapidvg", "..\..\ext\rapidvg\platform\msvc\projects\rapidvg.vcxproj", "{66207E9A-031C-402B-9E3E-FA5599A1C89B}"
EndProject
Project("{8BC9CEB8-8B4A-11D0-8D11-00A0C91BC942}") = "1.shaderlab", "..\..\ext\shaderlab\platform\msvc\projects\shaderlab.vcxproj", "{5C357759-CA95-42E1-B907-DFB87A995F6C}"
EndProject
Project("{8BC9CEB8-8B4A-11D0-8D11-00A0C91BC942}") = "0.sm", "..\..\ext\sm\platform\msvc\projects\sm.vcxproj", "{81630E0D-E1EF-4837-A0EE-30435ED4FE59}"
EndProject
Project("{8BC9CEB8-8B4A-11D0-8D11-00A0C91BC942}") = "0.logger", "..\..\ext\logger\platform\msvc\projects\logger.vcxproj", "{4031B66E-39A3-401E-918A-E1424A4AF944}"
EndProject
Project("{8BC9CEB8-8B4A-11D0-8D11-00A0C91BC942}") = "0.fs", "..\..\ext\fs\platform\msvc\projects\fs.vcxproj", "{09C39B9E-27F5-4B39-9829-2815FD1C5469}"
EndProject
Project("{8BC9CEB8-8B4A-11D0-8D11-00A0C91BC942}") = "0.cu", "..\..\ext\cu\platform\msvc\projects\cu.vcxproj", "{6055092D-EE59-4159-B923-A375401AA099}"
EndProject
Project("{8BC9CEB8-8B4A-11D0-8D11-00A0C91BC942}") = "1.gimg", "..\..\ext\gimg\platform\msvc\projects\gimg.vcxproj", "{D1ACC0BE-3A2B-450F-A708-F3E84DF5E5AD}"
EndProject
Project("{8BC9CEB8-8B4A-11D0-8D11-00A0C91BC942}") = "0.unirender", "..\..\ext\unirender\platform\msvc\projects\unirender.vcxproj", "{637A0E9C-1867-459D-8611-65A064E3B2C2}"
EndProject
Project("{8BC9CEB8-8B4A-11D0-8D11-00A0C91BC942}") = "1.pimg", "..\..\ext\pimg\platform\msvc\projects\pimg.vcxproj", "{5AE91E72-1C23-4913-BEA9-1FE795C570F5}"
EndProject
Project("{8BC9CEB8-8B4A-11D0-8D11-00A0C91BC942}") = "1.glp", "..\..\ext\glp\platform\msvc\projects\glp.vcxproj", "{CA120FA2-89A7-4957-A4A5-4746972AA39F}"
EndProject
Project("{8BC9CEB8-8B4A-11D0-8D11-00A0C91BC942}") = "1.multitask", "..\..\ext\multitask\platform\msvc\projects\multitask.vcxproj", "{6728BB94-9882-4804-87D3-CE9CEB62FDAB}"
EndProject
Project("{8BC9CEB8-8B4A-11D0-8D11-00A0C91BC942}") = "1.memmgr", "..\..\ext\memmgr\platform\msvc\projects\memmgr.vcxproj", "{5FFA0DE4-1489-4267-8A79-52DECC2D0351}"
EndProject
Project("{8BC9CEB8-8B4A-11D0-8D11-00A0C91BC942}") = "1.playdb", "..\..\ext\playdb\platform\msvc\projects\playdb.vcxproj", "{E421CC5F-0909-4F8D-8E9A-BCB52E0E8350}"
EndProject
Project("{8BC9CEB8-8B4A-11D0-8D11-00A0C91BC942}") = "1.bs", "..\..\ext\bs\platform\msvc\projects\bs.vcxproj", "{F5E6AE49-23DC-421B-AD33-C422E8590520}"
EndProject
Project("{8BC9CEB8-8B4A-11D0-8D11-00A0C91BC942}") = "1.guard", "..\..\ext\guard\platform\msvc\projects\guard.vcxproj", "{CC45AE0E-8C51-4759-9614-8BC321C565A0}"
EndProject
Project("{2150E333-8FDC-42A3-9474-1A3956D46DE8}") = "0.tools", "0.tools", "{3E445281-8F17-4763-9112-39A38C12FE16}"
EndProject
Project("{8BC9CEB8-8B4A-11D0-8D11-00A0C91BC942}") = "1.js", "..\..\ext\js\platform\msvc\projects\js.vcxproj", "{68C18DA9-79BB-43A5-9E0C-79740AEA954B}"
EndProject
Project("{8BC9CEB8-8B4A-11D0-8D11-00A0C91BC942}") = "3.node3", "..\..\ext\node3\platform\msvc\projects\node3.vcxproj", "{6030CF6B-1A8B-421B-92CE-4EB965751636}"
EndProject
Project("{2150E333-8FDC-42A3-9474-1A3956D46DE8}") = "1.assets", "1.assets", "{55D85D01-599C-4F78-A116-BDBAEAF0D939}"
EndProject
Project("{8BC9CEB8-8B4A-11D0-8D11-00A0C91BC942}") = "0.ds", "..\..\ext\ds\platform\msvc\projects\ds.vcxproj", "{E6044D31-8304-4854-99AC-CBEF18B9E7D3}"
EndProject
Project("{8BC9CEB8-8B4A-11D0-8D11-00A0C91BC942}") = "2.ps", "..\..\ext\ps\platform\msvc\projects\ps.vcxproj", "{EE2229A3-AD5F-46E7-AFAB-729F8AA18036}"
EndProject
Project("{2150E333-8FDC-42A3-9474-1A3956D46DE8}") = "9.editor", "9.editor", "{41A08A2D-64C4-40E6-9194-A9C29BB61F33}"
EndProject
Project("{2150E333-8FDC-42A3-9474-1A3956D46DE8}") = "3.scenegraph", "3.scenegraph", "{7790CA62-FFDB-4335-9D04-93C7906F1108}"
EndProject
Project("{8BC9CEB8-8B4A-11D0-8D11-00A0C91BC942}") = "4.easyeditor3", "..\..\ext\easyeditor3\platform\msvc\projects\easyeditor3.vcxproj", "{CEEBD91E-9297-47EA-ADED-68D791BA6FD4}"
EndProject
Project("{8BC9CEB8-8B4A-11D0-8D11-00A0C91BC942}") = "4.easyeditor2", "..\..\ext\easyeditor2\platform\msvc\projects\easyeditor2.vcxproj", "{58699389-F675-489E-A912-C9110D8D6E3D}"
EndProject
Project("{2150E333-8FDC-42A3-9474-1A3956D46DE8}") = "7.framework", "7.framework", "{36465FC4-9876-4BD0-A734-B8E8893FBCCF}"
EndProject
Project("{8BC9CEB8-8B4A-11D0-8D11-00A0C91BC942}") = "4.easyeditor0", "..\..\ext\easyeditor0\platform\msvc\projects\easyeditor0.vcxproj", "{9A81990C-3C18-4ADF-A9EB-46990625C107}"
EndProject
Project("{8BC9CEB8-8B4A-11D0-8D11-00A0C91BC942}") = "3.node2", "..\..\ext\node2\platform\msvc\projects\node2.vcxproj", "{88574804-351F-4308-BD45-E33F503FDD70}"
EndProject
Project("{8BC9CEB8-8B4A-11D0-8D11-00A0C91BC942}") = "3.node0", "..\..\ext\node0\platform\msvc\projects\node0.vcxproj", "{7F41D3CE-EF51-43B9-A6AC-8C3DF4894430}"
EndProject
Project("{8BC9CEB8-8B4A-11D0-8D11-00A0C91BC942}") = "3.painting2", "..\..\ext\painting2\platform\msvc\projects\painting2.vcxproj", "{18829913-B301-424C-8CD8-D95773038029}"
EndProject
Project("{8BC9CEB8-8B4A-11D0-8D11-00A0C91BC942}") = "3.painting3", "..\..\ext\painting3\platform\msvc\projects\painting3.vcxproj", "{0BA2F6EF-159C-4330-8A7B-74C931CFF5F9}"
EndProject
Project("{2150E333-8FDC-42A3-9474-1A3956D46DE8}") = "4.render", "4.render", "{E81D1B45-CF14-47DF-A9FD-98205E914709}"
EndProject
Project("{2150E333-8FDC-42A3-9474-1A3956D46DE8}") = "4.serializer", "4.serializer", "{C39783B3-85DA-4D10-AFD0-16D546F5F3D7}"
EndProject
Project("{2150E333-8FDC-42A3-9474-1A3956D46DE8}") = "6.wrapper", "6.wrapper", "{ABB353A2-7879-4D9F-AF21-31A83E1B9D14}"
EndProject
Project("{8BC9CEB8-8B4A-11D0-8D11-00A0C91BC942}") = "1.dtex2", "..\..\ext\dtex2\platform\msvc\projects\dtex2.vcxproj", "{A502C49C-7014-4D77-8BD9-B3F917AD34B0}"
EndProject
Project("{8BC9CEB8-8B4A-11D0-8D11-00A0C91BC942}") = "2.mtrail", "..\..\ext\mtrail\platform\msvc\projects\mtrail.vcxproj", "{A9854FD8-F2E4-4B5A-8C15-D3C661DD4DEF}"
EndProject
Project("{8BC9CEB8-8B4A-11D0-8D11-00A0C91BC942}") = "2.gtxt", "..\..\ext\gtxt\platform\msvc\projects\gtxt.vcxproj", "{EB4F1EE0-CB3B-4B2E-9655-A8E22F948575}"
EndProject
Project("{8BC9CEB8-8B4A-11D0-8D11-00A0C91BC942}") = "0.uniaudio", "..\..\ext\uniaudio\platform\msvc\projects\uniaudio.vcxproj", "{FDB8A0EB-D438-43B4-B65F-FF1B80A9D45B}"
EndProject
Project("{8BC9CEB8-8B4A-11D0-8D11-00A0C91BC942}") = "2.rigging", "..\..\ext\rigging\platform\msvc\projects\rigging.vcxproj", "{DBE6D3F5-4E3D-4DF8-B520-A27BCE5A5D21}"
EndProject
Project("{8BC9CEB8-8B4A-11D0-8D11-00A0C91BC942}") = "2.polymesh", "..\..\ext\polymesh\platform\msvc\projects\polymesh.vcxproj", "{748F2E41-4C8F-4C0F-A90A-26ECA6741A34}"
EndProject
Project("{8BC9CEB8-8B4A-11D0-8D11-00A0C91BC942}") = "0.texpack", "..\..\ext\texpack\platform\msvc\projects\texpack.vcxproj", "{A7737C76-5221-47A5-86B7-84BD56C47730}"
EndProject
Project("{8BC9CEB8-8B4A-11D0-8D11-00A0C91BC942}") = "1.camera25", "..\..\ext\camera25\platform\msvc\projects\camera25.vcxproj", "{510EAACB-B026-43F3-A68D-3EC421E46DD0}"
EndProject
Project("{2150E333-8FDC-42A3-9474-1A3956D46DE8}") = "0.utilities", "0.utilities", "{2663E49F-E633-423F-B021-31013DE65AD7}"
EndProject
Project("{2150E333-8FDC-42A3-9474-1A3956D46DE8}") = "2.preprocess", "2.preprocess", "{71D877EC-55A6-43CA-AD4F-47F0246AF149}"
EndProject
Project("{8BC9CEB8-8B4A-11D0-8D11-00A0C91BC942}") = "1.stat", "..\..\ext\stat\platform\msvc\projects\stat.vcxproj", "{16868CDE-6DEF-4136-8CC8-75212F34462E}"
EndProject
Project("{8BC9CEB8-8B4A-11D0-8D11-00A0C91BC942}") = "9.easyone", "projects\easyone.vcxproj", "{76884A5E-E1EC-4FE2-9096-9503EB0A3B71}"
EndProject
Project("{2150E333-8FDC-42A3-9474-1A3956D46DE8}") = "0.tools", "0.tools", "{59546CF5-AB13-4F20-9611-28BDE9C720E4}"
EndProject
Project("{8BC9CEB8-8B4A-11D0-8D11-00A0C91BC942}") = "2.nserializer", "..\..\ext\nserializer\platform\msvc\projects\nserializer.vcxproj", "{8B91994C-018B-4664-B615-A1EAC669CA5C}"
EndProject
Project("{8BC9CEB8-8B4A-11D0-8D11-00A0C91BC942}") = "4.moon", "..\..\ext\moon\platform\msvc\projects\moon.vcxproj", "{9FB05942-DCAE-4A6F-8F99-86E20DE9DFCC}"
EndProject
Project("{8BC9CEB8-8B4A-11D0-8D11-00A0C91BC942}") = "3.anim", "..\..\ext\anim\platform\msvc\projects\anim.vcxproj", "{8F1C8DB8-6B46-40C8-9ACF-E6AD237E47D4}"
EndProject
Project("{8BC9CEB8-8B4A-11D0-8D11-00A0C91BC942}") = "3.emitter", "..\..\ext\emitter\platform\msvc\projects\emitter.vcxproj", "{DBEF5985-8371-4D60-BDE1-0CD58F8017F8}"
EndProject
Project("{8BC9CEB8-8B4A-11D0-8D11-00A0C91BC942}") = "3.facade", "..\..\ext\facade\platform\msvc\projects\facade.vcxproj", "{2370B721-44D7-4C75-82A3-0DA31B485CF0}"
EndProject
Project("{8BC9CEB8-8B4A-11D0-8D11-00A0C91BC942}") = "2.cooking", "..\..\ext\cooking\platform\msvc\projects\cooking.vcxproj", "{4EEE80E8-662F-4EC2-A19B-68B1D7F8C46F}"
EndProject
Project("{8BC9CEB8-8B4A-11D0-8D11-00A0C91BC942}") = "3.entity0", "..\..\ext\entity0\platform\msvc\projects\entity0.vcxproj", "{5DCDF0B6-9FBF-4CA8-8276-A66236AE8FE6}"
EndProject
Project("{8BC9CEB8-8B4A-11D0-8D11-00A0C91BC942}") = "3.entity0_test", "..\..\ext\entity0\platform\msvc\projects\entity0_test.vcxproj", "{C8504C2B-AA09-496A-8D17-C2A9215A90C3}"
EndProject
Project("{2150E333-8FDC-42A3-9474-1A3956D46DE8}") = "ecs", "ecs", "{AF58CA2D-C53F-4E40-8A5C-EB3787FCB3D7}"
EndProject
Project("{8BC9CEB8-8B4A-11D0-8D11-00A0C91BC942}") = "2.eserializer", "..\..\ext\eserializer\platform\msvc\projects\eserializer.vcxproj", "{968DD532-4A13-4DF8-849B-6D70C91544C3}"
EndProject
Project("{8BC9CEB8-8B4A-11D0-8D11-00A0C91BC942}") = "3.serializerx", "..\..\ext\serializerx\platform\msvc\projects\serializerx.vcxproj", "{E8C6FFA3-644E-45C9-BE61-8633DB5202F9}"
EndProject
Project("{2150E333-8FDC-42A3-9474-1A3956D46DE8}") = "node", "node", "{856EA8A5-6C96-4415-9A8A-C98B73062C91}"
EndProject
Project("{8BC9CEB8-8B4A-11D0-8D11-00A0C91BC942}") = "3.entity3", "..\..\ext\entity3\platform\msvc\projects\entity3.vcxproj", "{52581A88-0E44-40D5-A49B-16C49D4B6B92}"
EndProject
Project("{8BC9CEB8-8B4A-11D0-8D11-00A0C91BC942}") = "3.model", "..\..\ext\model\platform\msvc\projects\model.vcxproj", "{4ABA57FF-958F-4077-9010-B25FC862469B}"
EndProject
Project("{8BC9CEB8-8B4A-11D0-8D11-00A0C91BC942}") = "3.entity2", "..\..\ext\entity2\platform\msvc\projects\entity2.vcxproj", "{0755788F-C3B4-47F5-A0FA-F0187AD8E4EA}"
EndProject
Project("{8BC9CEB8-8B4A-11D0-8D11-00A0C91BC942}") = "3.terr", "..\..\ext\terr\platform\msvc\projects\terr.vcxproj", "{AB6D016B-C413-4BF5-83DC-823C441A74F0}"
EndProject
Project("{8BC9CEB8-8B4A-11D0-8D11-00A0C91BC942}") = "3.quake", "..\..\ext\quake\platform\msvc\projects\quake.vcxproj", "{E12E3322-1408-4380-8219-659C02B2020C}"
EndProject
Project("{8BC9CEB8-8B4A-11D0-8D11-00A0C91BC942}") = "1.lexer", "..\..\ext\lexer\platform\msvc\projects\lexer.vcxproj", "{7719A1D1-AF73-4E1D-BD99-E9B706195639}"
EndProject
Project("{8BC9CEB8-8B4A-11D0-8D11-00A0C91BC942}") = "1.halfedge", "..\..\ext\halfedge\platform\msvc\projects\halfedge.vcxproj", "{D9B1B541-5BCC-4A5F-8A7A-2CED3CEAD3DD}"
EndProject
Project("{8BC9CEB8-8B4A-11D0-8D11-00A0C91BC942}") = "3.painting0", "..\..\ext\painting0\platform\msvc\projects\painting0.vcxproj", "{AC2CAD0C-553D-4FB9-A1A8-C206E59E021A}"
EndProject
Project("{8BC9CEB8-8B4A-11D0-8D11-00A0C91BC942}") = "4.blueprint", "..\..\ext\blueprint\platform\msvc\projects\blueprint.vcxproj", "{6F9A7D73-3025-43E1-8F6F-69558C7D3B9F}"
EndProject
Project("{2150E333-8FDC-42A3-9474-1A3956D46DE8}") = "8.editor_lib", "8.editor_lib", "{3F90F0BC-4357-48B0-A92E-DA2826502647}"
EndProject
Project("{8BC9CEB8-8B4A-11D0-8D11-00A0C91BC942}") = "4.eanim", "..\..\ext\eanim\platform\msvc\projects\eanim.vcxproj", "{14F15BE2-C5CB-4280-9243-3F69574A3D21}"
EndProject
Project("{8BC9CEB8-8B4A-11D0-8D11-00A0C91BC942}") = "5.shadergraph", "..\..\ext\shadergraph\platform\msvc\projects\shadergraph.vcxproj", "{EC5783F3-431B-4FF0-BC6D-00137CAC8810}"
EndProject
Project("{8BC9CEB8-8B4A-11D0-8D11-00A0C91BC942}") = "0.cpputil", "..\..\ext\cpputil\platform\msvc\projects\cpputil.vcxproj", "{BBF1C418-2EE6-4059-BAD6-BE93A7CE5B90}"
EndProject
Project("{8BC9CEB8-8B4A-11D0-8D11-00A0C91BC942}") = "0.shaderweaver_test", "..\..\ext\shaderweaver\platform\msvc\projects\shaderweaver_test.vcxproj", "{4C731ABF-78E1-48B3-8B34-41D4209E038A}"
EndProject
Project("{2150E333-8FDC-42A3-9474-1A3956D46DE8}") = "0.shaderweaver", "0.shaderweaver", "{21641371-9FF1-473B-8607-85E88E161C0A}"
EndProject
Project("{2150E333-8FDC-42A3-9474-1A3956D46DE8}") = "3.entity0", "3.entity0", "{330F0C4E-0E29-4000-992E-FCB5CD8AEEF0}"
EndProject
Project("{8BC9CEB8-8B4A-11D0-8D11-00A0C91BC942}") = "0.shaderweaver", "..\..\ext\shaderweaver\platform\msvc\projects\shaderweaver.vcxproj", "{CB558C48-C50C-433B-ACF6-4AB1C306A11A}"
EndProject
Project("{8BC9CEB8-8B4A-11D0-8D11-00A0C91BC942}") = "3.prototyping", "..\..\ext\prototyping\platform\msvc\projects\prototyping.vcxproj", "{E9304BBA-36CF-4109-A308-906DC0767CCC}"
EndProject
Project("{8BC9CEB8-8B4A-11D0-8D11-00A0C91BC942}") = "1.primitive", "..\..\ext\primitive\platform\msvc\projects\primitive.vcxproj", "{6CF78BA8-18DA-48A8-A7DE-C766F32B7A2D}"
EndProject
Project("{8BC9CEB8-8B4A-11D0-8D11-00A0C91BC942}") = "2.tessellation", "..\..\ext\tessellation\platform\msvc\projects\tessellation.vcxproj", "{AB13923F-A55D-4366-8587-677733707C60}"
EndProject
Project("{8BC9CEB8-8B4A-11D0-8D11-00A0C91BC942}") = "1.prim_test", "..\..\ext\primitive\platform\msvc\projects\prim_test.vcxproj", "{444A17AF-C0B6-45AE-A47D-8A23C413CDA9}"
EndProject
Project("{2150E333-8FDC-42A3-9474-1A3956D46DE8}") = "1.primitive", "1.primitive", "{DD7B1C17-1B46-4A0E-8729-C90E2A09A3E6}"
EndProject
Project("{8BC9CEB8-8B4A-11D0-8D11-00A0C91BC942}") = "3.drawing2", "..\..\ext\drawing2\platform\msvc\projects\drawing2.vcxproj", "{75155982-29A5-4AB4-924C-03DE0A904C17}"
EndProject
Project("{8BC9CEB8-8B4A-11D0-8D11-00A0C91BC942}") = "1.geoshape", "..\..\ext\geoshape\platform\msvc\projects\geoshape.vcxproj", "{9A710155-9500-4166-A566-9D6E59F68D0A}"
EndProject
Project("{2150E333-8FDC-42A3-9474-1A3956D46DE8}") = "geoshape", "geoshape", "{64399D4C-5066-4010-8DD6-71A413C73DF8}"
EndProject
Project("{8BC9CEB8-8B4A-11D0-8D11-00A0C91BC942}") = "1.gs_test", "..\..\ext\geoshape\platform\msvc\projects\gs_test.vcxproj", "{01475B8C-5CC2-4CB6-A048-5CAAB7135FC9}"
EndProject
Global
	GlobalSection(SolutionConfigurationPlatforms) = preSolution
		Debug|Win32 = Debug|Win32
		Release|Win32 = Release|Win32
	EndGlobalSection
	GlobalSection(ProjectConfigurationPlatforms) = postSolution
		{66207E9A-031C-402B-9E3E-FA5599A1C89B}.Debug|Win32.ActiveCfg = Debug|Win32
		{66207E9A-031C-402B-9E3E-FA5599A1C89B}.Debug|Win32.Build.0 = Debug|Win32
		{66207E9A-031C-402B-9E3E-FA5599A1C89B}.Release|Win32.ActiveCfg = Release|Win32
		{66207E9A-031C-402B-9E3E-FA5599A1C89B}.Release|Win32.Build.0 = Release|Win32
		{5C357759-CA95-42E1-B907-DFB87A995F6C}.Debug|Win32.ActiveCfg = Debug|Win32
		{5C357759-CA95-42E1-B907-DFB87A995F6C}.Debug|Win32.Build.0 = Debug|Win32
		{5C357759-CA95-42E1-B907-DFB87A995F6C}.Release|Win32.ActiveCfg = Release|Win32
		{5C357759-CA95-42E1-B907-DFB87A995F6C}.Release|Win32.Build.0 = Release|Win32
		{81630E0D-E1EF-4837-A0EE-30435ED4FE59}.Debug|Win32.ActiveCfg = Debug|Win32
		{81630E0D-E1EF-4837-A0EE-30435ED4FE59}.Debug|Win32.Build.0 = Debug|Win32
		{81630E0D-E1EF-4837-A0EE-30435ED4FE59}.Release|Win32.ActiveCfg = Release|Win32
		{81630E0D-E1EF-4837-A0EE-30435ED4FE59}.Release|Win32.Build.0 = Release|Win32
		{4031B66E-39A3-401E-918A-E1424A4AF944}.Debug|Win32.ActiveCfg = Debug|Win32
		{4031B66E-39A3-401E-918A-E1424A4AF944}.Debug|Win32.Build.0 = Debug|Win32
		{4031B66E-39A3-401E-918A-E1424A4AF944}.Release|Win32.ActiveCfg = Release|Win32
		{4031B66E-39A3-401E-918A-E1424A4AF944}.Release|Win32.Build.0 = Release|Win32
		{09C39B9E-27F5-4B39-9829-2815FD1C5469}.Debug|Win32.ActiveCfg = Debug|Win32
		{09C39B9E-27F5-4B39-9829-2815FD1C5469}.Debug|Win32.Build.0 = Debug|Win32
		{09C39B9E-27F5-4B39-9829-2815FD1C5469}.Release|Win32.ActiveCfg = Release|Win32
		{09C39B9E-27F5-4B39-9829-2815FD1C5469}.Release|Win32.Build.0 = Release|Win32
		{6055092D-EE59-4159-B923-A375401AA099}.Debug|Win32.ActiveCfg = Debug|Win32
		{6055092D-EE59-4159-B923-A375401AA099}.Debug|Win32.Build.0 = Debug|Win32
		{6055092D-EE59-4159-B923-A375401AA099}.Release|Win32.ActiveCfg = Release|Win32
		{6055092D-EE59-4159-B923-A375401AA099}.Release|Win32.Build.0 = Release|Win32
		{D1ACC0BE-3A2B-450F-A708-F3E84DF5E5AD}.Debug|Win32.ActiveCfg = Debug|Win32
		{D1ACC0BE-3A2B-450F-A708-F3E84DF5E5AD}.Debug|Win32.Build.0 = Debug|Win32
		{D1ACC0BE-3A2B-450F-A708-F3E84DF5E5AD}.Release|Win32.ActiveCfg = Release|Win32
		{D1ACC0BE-3A2B-450F-A708-F3E84DF5E5AD}.Release|Win32.Build.0 = Release|Win32
		{637A0E9C-1867-459D-8611-65A064E3B2C2}.Debug|Win32.ActiveCfg = Debug|Win32
		{637A0E9C-1867-459D-8611-65A064E3B2C2}.Debug|Win32.Build.0 = Debug|Win32
		{637A0E9C-1867-459D-8611-65A064E3B2C2}.Release|Win32.ActiveCfg = Release|Win32
		{637A0E9C-1867-459D-8611-65A064E3B2C2}.Release|Win32.Build.0 = Release|Win32
		{5AE91E72-1C23-4913-BEA9-1FE795C570F5}.Debug|Win32.ActiveCfg = Debug|Win32
		{5AE91E72-1C23-4913-BEA9-1FE795C570F5}.Debug|Win32.Build.0 = Debug|Win32
		{5AE91E72-1C23-4913-BEA9-1FE795C570F5}.Release|Win32.ActiveCfg = Release|Win32
		{5AE91E72-1C23-4913-BEA9-1FE795C570F5}.Release|Win32.Build.0 = Release|Win32
		{CA120FA2-89A7-4957-A4A5-4746972AA39F}.Debug|Win32.ActiveCfg = Debug|Win32
		{CA120FA2-89A7-4957-A4A5-4746972AA39F}.Debug|Win32.Build.0 = Debug|Win32
		{CA120FA2-89A7-4957-A4A5-4746972AA39F}.Release|Win32.ActiveCfg = Release|Win32
		{CA120FA2-89A7-4957-A4A5-4746972AA39F}.Release|Win32.Build.0 = Release|Win32
		{6728BB94-9882-4804-87D3-CE9CEB62FDAB}.Debug|Win32.ActiveCfg = Debug|Win32
		{6728BB94-9882-4804-87D3-CE9CEB62FDAB}.Debug|Win32.Build.0 = Debug|Win32
		{6728BB94-9882-4804-87D3-CE9CEB62FDAB}.Release|Win32.ActiveCfg = Release|Win32
		{6728BB94-9882-4804-87D3-CE9CEB62FDAB}.Release|Win32.Build.0 = Release|Win32
		{5FFA0DE4-1489-4267-8A79-52DECC2D0351}.Debug|Win32.ActiveCfg = Debug|Win32
		{5FFA0DE4-1489-4267-8A79-52DECC2D0351}.Debug|Win32.Build.0 = Debug|Win32
		{5FFA0DE4-1489-4267-8A79-52DECC2D0351}.Release|Win32.ActiveCfg = Release|Win32
		{5FFA0DE4-1489-4267-8A79-52DECC2D0351}.Release|Win32.Build.0 = Release|Win32
		{E421CC5F-0909-4F8D-8E9A-BCB52E0E8350}.Debug|Win32.ActiveCfg = Debug|Win32
		{E421CC5F-0909-4F8D-8E9A-BCB52E0E8350}.Debug|Win32.Build.0 = Debug|Win32
		{E421CC5F-0909-4F8D-8E9A-BCB52E0E8350}.Release|Win32.ActiveCfg = Release|Win32
		{E421CC5F-0909-4F8D-8E9A-BCB52E0E8350}.Release|Win32.Build.0 = Release|Win32
		{F5E6AE49-23DC-421B-AD33-C422E8590520}.Debug|Win32.ActiveCfg = Debug|Win32
		{F5E6AE49-23DC-421B-AD33-C422E8590520}.Debug|Win32.Build.0 = Debug|Win32
		{F5E6AE49-23DC-421B-AD33-C422E8590520}.Release|Win32.ActiveCfg = Release|Win32
		{F5E6AE49-23DC-421B-AD33-C422E8590520}.Release|Win32.Build.0 = Release|Win32
		{CC45AE0E-8C51-4759-9614-8BC321C565A0}.Debug|Win32.ActiveCfg = Debug|Win32
		{CC45AE0E-8C51-4759-9614-8BC321C565A0}.Debug|Win32.Build.0 = Debug|Win32
		{CC45AE0E-8C51-4759-9614-8BC321C565A0}.Release|Win32.ActiveCfg = Release|Win32
		{CC45AE0E-8C51-4759-9614-8BC321C565A0}.Release|Win32.Build.0 = Release|Win32
		{68C18DA9-79BB-43A5-9E0C-79740AEA954B}.Debug|Win32.ActiveCfg = Debug|Win32
		{68C18DA9-79BB-43A5-9E0C-79740AEA954B}.Debug|Win32.Build.0 = Debug|Win32
		{68C18DA9-79BB-43A5-9E0C-79740AEA954B}.Release|Win32.ActiveCfg = Release|Win32
		{68C18DA9-79BB-43A5-9E0C-79740AEA954B}.Release|Win32.Build.0 = Release|Win32
		{6030CF6B-1A8B-421B-92CE-4EB965751636}.Debug|Win32.ActiveCfg = Debug|Win32
		{6030CF6B-1A8B-421B-92CE-4EB965751636}.Debug|Win32.Build.0 = Debug|Win32
		{6030CF6B-1A8B-421B-92CE-4EB965751636}.Release|Win32.ActiveCfg = Release|Win32
		{6030CF6B-1A8B-421B-92CE-4EB965751636}.Release|Win32.Build.0 = Release|Win32
		{E6044D31-8304-4854-99AC-CBEF18B9E7D3}.Debug|Win32.ActiveCfg = Debug|Win32
		{E6044D31-8304-4854-99AC-CBEF18B9E7D3}.Debug|Win32.Build.0 = Debug|Win32
		{E6044D31-8304-4854-99AC-CBEF18B9E7D3}.Release|Win32.ActiveCfg = Release|Win32
		{E6044D31-8304-4854-99AC-CBEF18B9E7D3}.Release|Win32.Build.0 = Release|Win32
		{EE2229A3-AD5F-46E7-AFAB-729F8AA18036}.Debug|Win32.ActiveCfg = Debug|Win32
		{EE2229A3-AD5F-46E7-AFAB-729F8AA18036}.Debug|Win32.Build.0 = Debug|Win32
		{EE2229A3-AD5F-46E7-AFAB-729F8AA18036}.Release|Win32.ActiveCfg = Release|Win32
		{EE2229A3-AD5F-46E7-AFAB-729F8AA18036}.Release|Win32.Build.0 = Release|Win32
		{CEEBD91E-9297-47EA-ADED-68D791BA6FD4}.Debug|Win32.ActiveCfg = Debug|Win32
		{CEEBD91E-9297-47EA-ADED-68D791BA6FD4}.Debug|Win32.Build.0 = Debug|Win32
		{CEEBD91E-9297-47EA-ADED-68D791BA6FD4}.Release|Win32.ActiveCfg = Release|Win32
		{CEEBD91E-9297-47EA-ADED-68D791BA6FD4}.Release|Win32.Build.0 = Release|Win32
		{58699389-F675-489E-A912-C9110D8D6E3D}.Debug|Win32.ActiveCfg = Debug|Win32
		{58699389-F675-489E-A912-C9110D8D6E3D}.Debug|Win32.Build.0 = Debug|Win32
		{58699389-F675-489E-A912-C9110D8D6E3D}.Release|Win32.ActiveCfg = Release|Win32
		{58699389-F675-489E-A912-C9110D8D6E3D}.Release|Win32.Build.0 = Release|Win32
		{9A81990C-3C18-4ADF-A9EB-46990625C107}.Debug|Win32.ActiveCfg = Debug|Win32
		{9A81990C-3C18-4ADF-A9EB-46990625C107}.Debug|Win32.Build.0 = Debug|Win32
		{9A81990C-3C18-4ADF-A9EB-46990625C107}.Release|Win32.ActiveCfg = Release|Win32
		{9A81990C-3C18-4ADF-A9EB-46990625C107}.Release|Win32.Build.0 = Release|Win32
		{88574804-351F-4308-BD45-E33F503FDD70}.Debug|Win32.ActiveCfg = Debug|Win32
		{88574804-351F-4308-BD45-E33F503FDD70}.Debug|Win32.Build.0 = Debug|Win32
		{88574804-351F-4308-BD45-E33F503FDD70}.Release|Win32.ActiveCfg = Release|Win32
		{88574804-351F-4308-BD45-E33F503FDD70}.Release|Win32.Build.0 = Release|Win32
		{7F41D3CE-EF51-43B9-A6AC-8C3DF4894430}.Debug|Win32.ActiveCfg = Debug|Win32
		{7F41D3CE-EF51-43B9-A6AC-8C3DF4894430}.Debug|Win32.Build.0 = Debug|Win32
		{7F41D3CE-EF51-43B9-A6AC-8C3DF4894430}.Release|Win32.ActiveCfg = Release|Win32
		{7F41D3CE-EF51-43B9-A6AC-8C3DF4894430}.Release|Win32.Build.0 = Release|Win32
		{18829913-B301-424C-8CD8-D95773038029}.Debug|Win32.ActiveCfg = Debug|Win32
		{18829913-B301-424C-8CD8-D95773038029}.Debug|Win32.Build.0 = Debug|Win32
		{18829913-B301-424C-8CD8-D95773038029}.Release|Win32.ActiveCfg = Release|Win32
		{18829913-B301-424C-8CD8-D95773038029}.Release|Win32.Build.0 = Release|Win32
		{0BA2F6EF-159C-4330-8A7B-74C931CFF5F9}.Debug|Win32.ActiveCfg = Debug|Win32
		{0BA2F6EF-159C-4330-8A7B-74C931CFF5F9}.Debug|Win32.Build.0 = Debug|Win32
		{0BA2F6EF-159C-4330-8A7B-74C931CFF5F9}.Release|Win32.ActiveCfg = Release|Win32
		{0BA2F6EF-159C-4330-8A7B-74C931CFF5F9}.Release|Win32.Build.0 = Release|Win32
		{A502C49C-7014-4D77-8BD9-B3F917AD34B0}.Debug|Win32.ActiveCfg = Debug|Win32
		{A502C49C-7014-4D77-8BD9-B3F917AD34B0}.Debug|Win32.Build.0 = Debug|Win32
		{A502C49C-7014-4D77-8BD9-B3F917AD34B0}.Release|Win32.ActiveCfg = Release|Win32
		{A502C49C-7014-4D77-8BD9-B3F917AD34B0}.Release|Win32.Build.0 = Release|Win32
		{A9854FD8-F2E4-4B5A-8C15-D3C661DD4DEF}.Debug|Win32.ActiveCfg = Debug|Win32
		{A9854FD8-F2E4-4B5A-8C15-D3C661DD4DEF}.Debug|Win32.Build.0 = Debug|Win32
		{A9854FD8-F2E4-4B5A-8C15-D3C661DD4DEF}.Release|Win32.ActiveCfg = Release|Win32
		{A9854FD8-F2E4-4B5A-8C15-D3C661DD4DEF}.Release|Win32.Build.0 = Release|Win32
		{EB4F1EE0-CB3B-4B2E-9655-A8E22F948575}.Debug|Win32.ActiveCfg = Debug|Win32
		{EB4F1EE0-CB3B-4B2E-9655-A8E22F948575}.Debug|Win32.Build.0 = Debug|Win32
		{EB4F1EE0-CB3B-4B2E-9655-A8E22F948575}.Release|Win32.ActiveCfg = Release|Win32
		{EB4F1EE0-CB3B-4B2E-9655-A8E22F948575}.Release|Win32.Build.0 = Release|Win32
		{FDB8A0EB-D438-43B4-B65F-FF1B80A9D45B}.Debug|Win32.ActiveCfg = Debug|Win32
		{FDB8A0EB-D438-43B4-B65F-FF1B80A9D45B}.Debug|Win32.Build.0 = Debug|Win32
		{FDB8A0EB-D438-43B4-B65F-FF1B80A9D45B}.Release|Win32.ActiveCfg = Release|Win32
		{FDB8A0EB-D438-43B4-B65F-FF1B80A9D45B}.Release|Win32.Build.0 = Release|Win32
		{DBE6D3F5-4E3D-4DF8-B520-A27BCE5A5D21}.Debug|Win32.ActiveCfg = Debug|Win32
		{DBE6D3F5-4E3D-4DF8-B520-A27BCE5A5D21}.Debug|Win32.Build.0 = Debug|Win32
		{DBE6D3F5-4E3D-4DF8-B520-A27BCE5A5D21}.Release|Win32.ActiveCfg = Release|Win32
		{DBE6D3F5-4E3D-4DF8-B520-A27BCE5A5D21}.Release|Win32.Build.0 = Release|Win32
		{748F2E41-4C8F-4C0F-A90A-26ECA6741A34}.Debug|Win32.ActiveCfg = Debug|Win32
		{748F2E41-4C8F-4C0F-A90A-26ECA6741A34}.Debug|Win32.Build.0 = Debug|Win32
		{748F2E41-4C8F-4C0F-A90A-26ECA6741A34}.Release|Win32.ActiveCfg = Release|Win32
		{748F2E41-4C8F-4C0F-A90A-26ECA6741A34}.Release|Win32.Build.0 = Release|Win32
		{A7737C76-5221-47A5-86B7-84BD56C47730}.Debug|Win32.ActiveCfg = Debug|Win32
		{A7737C76-5221-47A5-86B7-84BD56C47730}.Debug|Win32.Build.0 = Debug|Win32
		{A7737C76-5221-47A5-86B7-84BD56C47730}.Release|Win32.ActiveCfg = Release|Win32
		{A7737C76-5221-47A5-86B7-84BD56C47730}.Release|Win32.Build.0 = Release|Win32
		{510EAACB-B026-43F3-A68D-3EC421E46DD0}.Debug|Win32.ActiveCfg = Debug|Win32
		{510EAACB-B026-43F3-A68D-3EC421E46DD0}.Debug|Win32.Build.0 = Debug|Win32
		{510EAACB-B026-43F3-A68D-3EC421E46DD0}.Release|Win32.ActiveCfg = Release|Win32
		{510EAACB-B026-43F3-A68D-3EC421E46DD0}.Release|Win32.Build.0 = Release|Win32
		{16868CDE-6DEF-4136-8CC8-75212F34462E}.Debug|Win32.ActiveCfg = Debug|Win32
		{16868CDE-6DEF-4136-8CC8-75212F34462E}.Debug|Win32.Build.0 = Debug|Win32
		{16868CDE-6DEF-4136-8CC8-75212F34462E}.Release|Win32.ActiveCfg = Release|Win32
		{16868CDE-6DEF-4136-8CC8-75212F34462E}.Release|Win32.Build.0 = Release|Win32
		{76884A5E-E1EC-4FE2-9096-9503EB0A3B71}.Debug|Win32.ActiveCfg = Debug|Win32
		{76884A5E-E1EC-4FE2-9096-9503EB0A3B71}.Debug|Win32.Build.0 = Debug|Win32
		{76884A5E-E1EC-4FE2-9096-9503EB0A3B71}.Debug|Win32.Deploy.0 = Debug|Win32
		{76884A5E-E1EC-4FE2-9096-9503EB0A3B71}.Release|Win32.ActiveCfg = Release|Win32
		{76884A5E-E1EC-4FE2-9096-9503EB0A3B71}.Release|Win32.Build.0 = Release|Win32
		{76884A5E-E1EC-4FE2-9096-9503EB0A3B71}.Release|Win32.Deploy.0 = Release|Win32
		{8B91994C-018B-4664-B615-A1EAC669CA5C}.Debug|Win32.ActiveCfg = Debug|Win32
		{8B91994C-018B-4664-B615-A1EAC669CA5C}.Debug|Win32.Build.0 = Debug|Win32
		{8B91994C-018B-4664-B615-A1EAC669CA5C}.Release|Win32.ActiveCfg = Release|Win32
		{8B91994C-018B-4664-B615-A1EAC669CA5C}.Release|Win32.Build.0 = Release|Win32
		{9FB05942-DCAE-4A6F-8F99-86E20DE9DFCC}.Debug|Win32.ActiveCfg = Debug|Win32
		{9FB05942-DCAE-4A6F-8F99-86E20DE9DFCC}.Debug|Win32.Build.0 = Debug|Win32
		{9FB05942-DCAE-4A6F-8F99-86E20DE9DFCC}.Release|Win32.ActiveCfg = Release|Win32
		{9FB05942-DCAE-4A6F-8F99-86E20DE9DFCC}.Release|Win32.Build.0 = Release|Win32
		{8F1C8DB8-6B46-40C8-9ACF-E6AD237E47D4}.Debug|Win32.ActiveCfg = Debug|Win32
		{8F1C8DB8-6B46-40C8-9ACF-E6AD237E47D4}.Debug|Win32.Build.0 = Debug|Win32
		{8F1C8DB8-6B46-40C8-9ACF-E6AD237E47D4}.Release|Win32.ActiveCfg = Release|Win32
		{8F1C8DB8-6B46-40C8-9ACF-E6AD237E47D4}.Release|Win32.Build.0 = Release|Win32
		{DBEF5985-8371-4D60-BDE1-0CD58F8017F8}.Debug|Win32.ActiveCfg = Debug|Win32
		{DBEF5985-8371-4D60-BDE1-0CD58F8017F8}.Debug|Win32.Build.0 = Debug|Win32
		{DBEF5985-8371-4D60-BDE1-0CD58F8017F8}.Release|Win32.ActiveCfg = Release|Win32
		{DBEF5985-8371-4D60-BDE1-0CD58F8017F8}.Release|Win32.Build.0 = Release|Win32
		{2370B721-44D7-4C75-82A3-0DA31B485CF0}.Debug|Win32.ActiveCfg = Debug|Win32
		{2370B721-44D7-4C75-82A3-0DA31B485CF0}.Debug|Win32.Build.0 = Debug|Win32
		{2370B721-44D7-4C75-82A3-0DA31B485CF0}.Release|Win32.ActiveCfg = Release|Win32
		{2370B721-44D7-4C75-82A3-0DA31B485CF0}.Release|Win32.Build.0 = Release|Win32
		{4EEE80E8-662F-4EC2-A19B-68B1D7F8C46F}.Debug|Win32.ActiveCfg = Debug|Win32
		{4EEE80E8-662F-4EC2-A19B-68B1D7F8C46F}.Debug|Win32.Build.0 = Debug|Win32
		{4EEE80E8-662F-4EC2-A19B-68B1D7F8C46F}.Release|Win32.ActiveCfg = Release|Win32
		{4EEE80E8-662F-4EC2-A19B-68B1D7F8C46F}.Release|Win32.Build.0 = Release|Win32
		{5DCDF0B6-9FBF-4CA8-8276-A66236AE8FE6}.Debug|Win32.ActiveCfg = Debug|Win32
		{5DCDF0B6-9FBF-4CA8-8276-A66236AE8FE6}.Debug|Win32.Build.0 = Debug|Win32
		{5DCDF0B6-9FBF-4CA8-8276-A66236AE8FE6}.Release|Win32.ActiveCfg = Release|Win32
		{5DCDF0B6-9FBF-4CA8-8276-A66236AE8FE6}.Release|Win32.Build.0 = Release|Win32
		{C8504C2B-AA09-496A-8D17-C2A9215A90C3}.Debug|Win32.ActiveCfg = Debug|Win32
		{C8504C2B-AA09-496A-8D17-C2A9215A90C3}.Debug|Win32.Build.0 = Debug|Win32
		{C8504C2B-AA09-496A-8D17-C2A9215A90C3}.Release|Win32.ActiveCfg = Release|Win32
		{C8504C2B-AA09-496A-8D17-C2A9215A90C3}.Release|Win32.Build.0 = Release|Win32
		{968DD532-4A13-4DF8-849B-6D70C91544C3}.Debug|Win32.ActiveCfg = Debug|Win32
		{968DD532-4A13-4DF8-849B-6D70C91544C3}.Debug|Win32.Build.0 = Debug|Win32
		{968DD532-4A13-4DF8-849B-6D70C91544C3}.Release|Win32.ActiveCfg = Release|Win32
		{968DD532-4A13-4DF8-849B-6D70C91544C3}.Release|Win32.Build.0 = Release|Win32
		{E8C6FFA3-644E-45C9-BE61-8633DB5202F9}.Debug|Win32.ActiveCfg = Debug|Win32
		{E8C6FFA3-644E-45C9-BE61-8633DB5202F9}.Debug|Win32.Build.0 = Debug|Win32
		{E8C6FFA3-644E-45C9-BE61-8633DB5202F9}.Release|Win32.ActiveCfg = Release|Win32
		{E8C6FFA3-644E-45C9-BE61-8633DB5202F9}.Release|Win32.Build.0 = Release|Win32
		{52581A88-0E44-40D5-A49B-16C49D4B6B92}.Debug|Win32.ActiveCfg = Debug|Win32
		{52581A88-0E44-40D5-A49B-16C49D4B6B92}.Debug|Win32.Build.0 = Debug|Win32
		{52581A88-0E44-40D5-A49B-16C49D4B6B92}.Release|Win32.ActiveCfg = Release|Win32
		{52581A88-0E44-40D5-A49B-16C49D4B6B92}.Release|Win32.Build.0 = Release|Win32
		{4ABA57FF-958F-4077-9010-B25FC862469B}.Debug|Win32.ActiveCfg = Debug|Win32
		{4ABA57FF-958F-4077-9010-B25FC862469B}.Debug|Win32.Build.0 = Debug|Win32
		{4ABA57FF-958F-4077-9010-B25FC862469B}.Release|Win32.ActiveCfg = Release|Win32
		{4ABA57FF-958F-4077-9010-B25FC862469B}.Release|Win32.Build.0 = Release|Win32
		{0755788F-C3B4-47F5-A0FA-F0187AD8E4EA}.Debug|Win32.ActiveCfg = Debug|Win32
		{0755788F-C3B4-47F5-A0FA-F0187AD8E4EA}.Debug|Win32.Build.0 = Debug|Win32
		{0755788F-C3B4-47F5-A0FA-F0187AD8E4EA}.Debug|Win32.Deploy.0 = Debug|Win32
		{0755788F-C3B4-47F5-A0FA-F0187AD8E4EA}.Release|Win32.ActiveCfg = Release|Win32
		{0755788F-C3B4-47F5-A0FA-F0187AD8E4EA}.Release|Win32.Build.0 = Release|Win32
		{0755788F-C3B4-47F5-A0FA-F0187AD8E4EA}.Release|Win32.Deploy.0 = Release|Win32
		{AB6D016B-C413-4BF5-83DC-823C441A74F0}.Debug|Win32.ActiveCfg = Debug|Win32
		{AB6D016B-C413-4BF5-83DC-823C441A74F0}.Debug|Win32.Build.0 = Debug|Win32
		{AB6D016B-C413-4BF5-83DC-823C441A74F0}.Release|Win32.ActiveCfg = Release|Win32
		{AB6D016B-C413-4BF5-83DC-823C441A74F0}.Release|Win32.Build.0 = Release|Win32
		{E12E3322-1408-4380-8219-659C02B2020C}.Debug|Win32.ActiveCfg = Debug|Win32
		{E12E3322-1408-4380-8219-659C02B2020C}.Debug|Win32.Build.0 = Debug|Win32
		{E12E3322-1408-4380-8219-659C02B2020C}.Release|Win32.ActiveCfg = Release|Win32
		{E12E3322-1408-4380-8219-659C02B2020C}.Release|Win32.Build.0 = Release|Win32
		{7719A1D1-AF73-4E1D-BD99-E9B706195639}.Debug|Win32.ActiveCfg = Debug|Win32
		{7719A1D1-AF73-4E1D-BD99-E9B706195639}.Debug|Win32.Build.0 = Debug|Win32
		{7719A1D1-AF73-4E1D-BD99-E9B706195639}.Release|Win32.ActiveCfg = Release|Win32
		{7719A1D1-AF73-4E1D-BD99-E9B706195639}.Release|Win32.Build.0 = Release|Win32
		{D9B1B541-5BCC-4A5F-8A7A-2CED3CEAD3DD}.Debug|Win32.ActiveCfg = Debug|Win32
		{D9B1B541-5BCC-4A5F-8A7A-2CED3CEAD3DD}.Debug|Win32.Build.0 = Debug|Win32
		{D9B1B541-5BCC-4A5F-8A7A-2CED3CEAD3DD}.Release|Win32.ActiveCfg = Release|Win32
		{D9B1B541-5BCC-4A5F-8A7A-2CED3CEAD3DD}.Release|Win32.Build.0 = Release|Win32
		{AC2CAD0C-553D-4FB9-A1A8-C206E59E021A}.Debug|Win32.ActiveCfg = Debug|Win32
		{AC2CAD0C-553D-4FB9-A1A8-C206E59E021A}.Debug|Win32.Build.0 = Debug|Win32
		{AC2CAD0C-553D-4FB9-A1A8-C206E59E021A}.Release|Win32.ActiveCfg = Release|Win32
		{AC2CAD0C-553D-4FB9-A1A8-C206E59E021A}.Release|Win32.Build.0 = Release|Win32
		{6F9A7D73-3025-43E1-8F6F-69558C7D3B9F}.Debug|Win32.ActiveCfg = Debug|Win32
		{6F9A7D73-3025-43E1-8F6F-69558C7D3B9F}.Debug|Win32.Build.0 = Debug|Win32
		{6F9A7D73-3025-43E1-8F6F-69558C7D3B9F}.Release|Win32.ActiveCfg = Release|Win32
		{6F9A7D73-3025-43E1-8F6F-69558C7D3B9F}.Release|Win32.Build.0 = Release|Win32
		{14F15BE2-C5CB-4280-9243-3F69574A3D21}.Debug|Win32.ActiveCfg = Debug|Win32
		{14F15BE2-C5CB-4280-9243-3F69574A3D21}.Debug|Win32.Build.0 = Debug|Win32
		{14F15BE2-C5CB-4280-9243-3F69574A3D21}.Release|Win32.ActiveCfg = Release|Win32
		{14F15BE2-C5CB-4280-9243-3F69574A3D21}.Release|Win32.Build.0 = Release|Win32
		{EC5783F3-431B-4FF0-BC6D-00137CAC8810}.Debug|Win32.ActiveCfg = Debug|Win32
		{EC5783F3-431B-4FF0-BC6D-00137CAC8810}.Debug|Win32.Build.0 = Debug|Win32
		{EC5783F3-431B-4FF0-BC6D-00137CAC8810}.Release|Win32.ActiveCfg = Release|Win32
		{EC5783F3-431B-4FF0-BC6D-00137CAC8810}.Release|Win32.Build.0 = Release|Win32
		{BBF1C418-2EE6-4059-BAD6-BE93A7CE5B90}.Debug|Win32.ActiveCfg = Debug|Win32
		{BBF1C418-2EE6-4059-BAD6-BE93A7CE5B90}.Debug|Win32.Build.0 = Debug|Win32
		{BBF1C418-2EE6-4059-BAD6-BE93A7CE5B90}.Release|Win32.ActiveCfg = Release|Win32
		{BBF1C418-2EE6-4059-BAD6-BE93A7CE5B90}.Release|Win32.Build.0 = Release|Win32
		{4C731ABF-78E1-48B3-8B34-41D4209E038A}.Debug|Win32.ActiveCfg = Debug|Win32
		{4C731ABF-78E1-48B3-8B34-41D4209E038A}.Debug|Win32.Build.0 = Debug|Win32
		{4C731ABF-78E1-48B3-8B34-41D4209E038A}.Release|Win32.ActiveCfg = Release|Win32
		{4C731ABF-78E1-48B3-8B34-41D4209E038A}.Release|Win32.Build.0 = Release|Win32
		{CB558C48-C50C-433B-ACF6-4AB1C306A11A}.Debug|Win32.ActiveCfg = Debug|Win32
		{CB558C48-C50C-433B-ACF6-4AB1C306A11A}.Debug|Win32.Build.0 = Debug|Win32
		{CB558C48-C50C-433B-ACF6-4AB1C306A11A}.Release|Win32.ActiveCfg = Release|Win32
		{CB558C48-C50C-433B-ACF6-4AB1C306A11A}.Release|Win32.Build.0 = Release|Win32
		{E9304BBA-36CF-4109-A308-906DC0767CCC}.Debug|Win32.ActiveCfg = Debug|Win32
		{E9304BBA-36CF-4109-A308-906DC0767CCC}.Debug|Win32.Build.0 = Debug|Win32
		{E9304BBA-36CF-4109-A308-906DC0767CCC}.Release|Win32.ActiveCfg = Release|Win32
		{E9304BBA-36CF-4109-A308-906DC0767CCC}.Release|Win32.Build.0 = Release|Win32
		{6CF78BA8-18DA-48A8-A7DE-C766F32B7A2D}.Debug|Win32.ActiveCfg = Debug|Win32
		{6CF78BA8-18DA-48A8-A7DE-C766F32B7A2D}.Debug|Win32.Build.0 = Debug|Win32
		{6CF78BA8-18DA-48A8-A7DE-C766F32B7A2D}.Release|Win32.ActiveCfg = Release|Win32
		{6CF78BA8-18DA-48A8-A7DE-C766F32B7A2D}.Release|Win32.Build.0 = Release|Win32
		{AB13923F-A55D-4366-8587-677733707C60}.Debug|Win32.ActiveCfg = Debug|Win32
		{AB13923F-A55D-4366-8587-677733707C60}.Debug|Win32.Build.0 = Debug|Win32
		{AB13923F-A55D-4366-8587-677733707C60}.Release|Win32.ActiveCfg = Release|Win32
		{AB13923F-A55D-4366-8587-677733707C60}.Release|Win32.Build.0 = Release|Win32
		{444A17AF-C0B6-45AE-A47D-8A23C413CDA9}.Debug|Win32.ActiveCfg = Debug|Win32
		{444A17AF-C0B6-45AE-A47D-8A23C413CDA9}.Debug|Win32.Build.0 = Debug|Win32
		{444A17AF-C0B6-45AE-A47D-8A23C413CDA9}.Release|Win32.ActiveCfg = Release|Win32
		{444A17AF-C0B6-45AE-A47D-8A23C413CDA9}.Release|Win32.Build.0 = Release|Win32
		{75155982-29A5-4AB4-924C-03DE0A904C17}.Debug|Win32.ActiveCfg = Debug|Win32
		{75155982-29A5-4AB4-924C-03DE0A904C17}.Debug|Win32.Build.0 = Debug|Win32
		{75155982-29A5-4AB4-924C-03DE0A904C17}.Release|Win32.ActiveCfg = Release|Win32
		{75155982-29A5-4AB4-924C-03DE0A904C17}.Release|Win32.Build.0 = Release|Win32
		{9A710155-9500-4166-A566-9D6E59F68D0A}.Debug|Win32.ActiveCfg = Debug|Win32
		{9A710155-9500-4166-A566-9D6E59F68D0A}.Debug|Win32.Build.0 = Debug|Win32
		{9A710155-9500-4166-A566-9D6E59F68D0A}.Release|Win32.ActiveCfg = Release|Win32
		{9A710155-9500-4166-A566-9D6E59F68D0A}.Release|Win32.Build.0 = Release|Win32
		{01475B8C-5CC2-4CB6-A048-5CAAB7135FC9}.Debug|Win32.ActiveCfg = Debug|Win32
		{01475B8C-5CC2-4CB6-A048-5CAAB7135FC9}.Debug|Win32.Build.0 = Debug|Win32
		{01475B8C-5CC2-4CB6-A048-5CAAB7135FC9}.Release|Win32.ActiveCfg = Release|Win32
		{01475B8C-5CC2-4CB6-A048-5CAAB7135FC9}.Release|Win32.Build.0 = Release|Win32
	EndGlobalSection
	GlobalSection(SolutionProperties) = preSolution
		HideSolutionNode = FALSE
	EndGlobalSection
	GlobalSection(NestedProjects) = preSolution
		{66207E9A-031C-402B-9E3E-FA5599A1C89B} = {E81D1B45-CF14-47DF-A9FD-98205E914709}
		{5C357759-CA95-42E1-B907-DFB87A995F6C} = {E81D1B45-CF14-47DF-A9FD-98205E914709}
		{81630E0D-E1EF-4837-A0EE-30435ED4FE59} = {3E445281-8F17-4763-9112-39A38C12FE16}
		{4031B66E-39A3-401E-918A-E1424A4AF944} = {2663E49F-E633-423F-B021-31013DE65AD7}
		{09C39B9E-27F5-4B39-9829-2815FD1C5469} = {2663E49F-E633-423F-B021-31013DE65AD7}
		{6055092D-EE59-4159-B923-A375401AA099} = {2663E49F-E633-423F-B021-31013DE65AD7}
		{D1ACC0BE-3A2B-450F-A708-F3E84DF5E5AD} = {59546CF5-AB13-4F20-9611-28BDE9C720E4}
		{637A0E9C-1867-459D-8611-65A064E3B2C2} = {E81D1B45-CF14-47DF-A9FD-98205E914709}
		{5AE91E72-1C23-4913-BEA9-1FE795C570F5} = {71D877EC-55A6-43CA-AD4F-47F0246AF149}
		{CA120FA2-89A7-4957-A4A5-4746972AA39F} = {3E445281-8F17-4763-9112-39A38C12FE16}
		{6728BB94-9882-4804-87D3-CE9CEB62FDAB} = {3E445281-8F17-4763-9112-39A38C12FE16}
		{5FFA0DE4-1489-4267-8A79-52DECC2D0351} = {3E445281-8F17-4763-9112-39A38C12FE16}
		{E421CC5F-0909-4F8D-8E9A-BCB52E0E8350} = {59546CF5-AB13-4F20-9611-28BDE9C720E4}
		{F5E6AE49-23DC-421B-AD33-C422E8590520} = {59546CF5-AB13-4F20-9611-28BDE9C720E4}
		{CC45AE0E-8C51-4759-9614-8BC321C565A0} = {2663E49F-E633-423F-B021-31013DE65AD7}
		{68C18DA9-79BB-43A5-9E0C-79740AEA954B} = {59546CF5-AB13-4F20-9611-28BDE9C720E4}
		{6030CF6B-1A8B-421B-92CE-4EB965751636} = {856EA8A5-6C96-4415-9A8A-C98B73062C91}
		{E6044D31-8304-4854-99AC-CBEF18B9E7D3} = {2663E49F-E633-423F-B021-31013DE65AD7}
		{EE2229A3-AD5F-46E7-AFAB-729F8AA18036} = {55D85D01-599C-4F78-A116-BDBAEAF0D939}
		{CEEBD91E-9297-47EA-ADED-68D791BA6FD4} = {36465FC4-9876-4BD0-A734-B8E8893FBCCF}
		{58699389-F675-489E-A912-C9110D8D6E3D} = {36465FC4-9876-4BD0-A734-B8E8893FBCCF}
		{9A81990C-3C18-4ADF-A9EB-46990625C107} = {36465FC4-9876-4BD0-A734-B8E8893FBCCF}
		{88574804-351F-4308-BD45-E33F503FDD70} = {856EA8A5-6C96-4415-9A8A-C98B73062C91}
		{7F41D3CE-EF51-43B9-A6AC-8C3DF4894430} = {856EA8A5-6C96-4415-9A8A-C98B73062C91}
		{18829913-B301-424C-8CD8-D95773038029} = {E81D1B45-CF14-47DF-A9FD-98205E914709}
		{0BA2F6EF-159C-4330-8A7B-74C931CFF5F9} = {E81D1B45-CF14-47DF-A9FD-98205E914709}
		{A502C49C-7014-4D77-8BD9-B3F917AD34B0} = {E81D1B45-CF14-47DF-A9FD-98205E914709}
		{A9854FD8-F2E4-4B5A-8C15-D3C661DD4DEF} = {55D85D01-599C-4F78-A116-BDBAEAF0D939}
		{EB4F1EE0-CB3B-4B2E-9655-A8E22F948575} = {55D85D01-599C-4F78-A116-BDBAEAF0D939}
		{FDB8A0EB-D438-43B4-B65F-FF1B80A9D45B} = {55D85D01-599C-4F78-A116-BDBAEAF0D939}
		{DBE6D3F5-4E3D-4DF8-B520-A27BCE5A5D21} = {55D85D01-599C-4F78-A116-BDBAEAF0D939}
		{748F2E41-4C8F-4C0F-A90A-26ECA6741A34} = {55D85D01-599C-4F78-A116-BDBAEAF0D939}
		{A7737C76-5221-47A5-86B7-84BD56C47730} = {71D877EC-55A6-43CA-AD4F-47F0246AF149}
		{510EAACB-B026-43F3-A68D-3EC421E46DD0} = {55D85D01-599C-4F78-A116-BDBAEAF0D939}
		{16868CDE-6DEF-4136-8CC8-75212F34462E} = {3E445281-8F17-4763-9112-39A38C12FE16}
		{76884A5E-E1EC-4FE2-9096-9503EB0A3B71} = {41A08A2D-64C4-40E6-9194-A9C29BB61F33}
		{59546CF5-AB13-4F20-9611-28BDE9C720E4} = {C39783B3-85DA-4D10-AFD0-16D546F5F3D7}
		{8B91994C-018B-4664-B615-A1EAC669CA5C} = {C39783B3-85DA-4D10-AFD0-16D546F5F3D7}
		{9FB05942-DCAE-4A6F-8F99-86E20DE9DFCC} = {ABB353A2-7879-4D9F-AF21-31A83E1B9D14}
		{8F1C8DB8-6B46-40C8-9ACF-E6AD237E47D4} = {55D85D01-599C-4F78-A116-BDBAEAF0D939}
		{DBEF5985-8371-4D60-BDE1-0CD58F8017F8} = {55D85D01-599C-4F78-A116-BDBAEAF0D939}
		{2370B721-44D7-4C75-82A3-0DA31B485CF0} = {ABB353A2-7879-4D9F-AF21-31A83E1B9D14}
		{4EEE80E8-662F-4EC2-A19B-68B1D7F8C46F} = {E81D1B45-CF14-47DF-A9FD-98205E914709}
		{5DCDF0B6-9FBF-4CA8-8276-A66236AE8FE6} = {330F0C4E-0E29-4000-992E-FCB5CD8AEEF0}
		{C8504C2B-AA09-496A-8D17-C2A9215A90C3} = {330F0C4E-0E29-4000-992E-FCB5CD8AEEF0}
		{AF58CA2D-C53F-4E40-8A5C-EB3787FCB3D7} = {7790CA62-FFDB-4335-9D04-93C7906F1108}
		{968DD532-4A13-4DF8-849B-6D70C91544C3} = {C39783B3-85DA-4D10-AFD0-16D546F5F3D7}
		{E8C6FFA3-644E-45C9-BE61-8633DB5202F9} = {C39783B3-85DA-4D10-AFD0-16D546F5F3D7}
		{856EA8A5-6C96-4415-9A8A-C98B73062C91} = {7790CA62-FFDB-4335-9D04-93C7906F1108}
		{52581A88-0E44-40D5-A49B-16C49D4B6B92} = {AF58CA2D-C53F-4E40-8A5C-EB3787FCB3D7}
		{4ABA57FF-958F-4077-9010-B25FC862469B} = {55D85D01-599C-4F78-A116-BDBAEAF0D939}
		{0755788F-C3B4-47F5-A0FA-F0187AD8E4EA} = {AF58CA2D-C53F-4E40-8A5C-EB3787FCB3D7}
		{AB6D016B-C413-4BF5-83DC-823C441A74F0} = {55D85D01-599C-4F78-A116-BDBAEAF0D939}
		{E12E3322-1408-4380-8219-659C02B2020C} = {55D85D01-599C-4F78-A116-BDBAEAF0D939}
		{7719A1D1-AF73-4E1D-BD99-E9B706195639} = {59546CF5-AB13-4F20-9611-28BDE9C720E4}
		{D9B1B541-5BCC-4A5F-8A7A-2CED3CEAD3DD} = {3E445281-8F17-4763-9112-39A38C12FE16}
		{AC2CAD0C-553D-4FB9-A1A8-C206E59E021A} = {E81D1B45-CF14-47DF-A9FD-98205E914709}
		{6F9A7D73-3025-43E1-8F6F-69558C7D3B9F} = {3F90F0BC-4357-48B0-A92E-DA2826502647}
		{14F15BE2-C5CB-4280-9243-3F69574A3D21} = {3F90F0BC-4357-48B0-A92E-DA2826502647}
		{EC5783F3-431B-4FF0-BC6D-00137CAC8810} = {3F90F0BC-4357-48B0-A92E-DA2826502647}
		{BBF1C418-2EE6-4059-BAD6-BE93A7CE5B90} = {2663E49F-E633-423F-B021-31013DE65AD7}
		{4C731ABF-78E1-48B3-8B34-41D4209E038A} = {21641371-9FF1-473B-8607-85E88E161C0A}
		{21641371-9FF1-473B-8607-85E88E161C0A} = {E81D1B45-CF14-47DF-A9FD-98205E914709}
		{330F0C4E-0E29-4000-992E-FCB5CD8AEEF0} = {AF58CA2D-C53F-4E40-8A5C-EB3787FCB3D7}
		{CB558C48-C50C-433B-ACF6-4AB1C306A11A} = {21641371-9FF1-473B-8607-85E88E161C0A}
		{E9304BBA-36CF-4109-A308-906DC0767CCC} = {3F90F0BC-4357-48B0-A92E-DA2826502647}
		{6CF78BA8-18DA-48A8-A7DE-C766F32B7A2D} = {DD7B1C17-1B46-4A0E-8729-C90E2A09A3E6}
		{AB13923F-A55D-4366-8587-677733707C60} = {E81D1B45-CF14-47DF-A9FD-98205E914709}
		{444A17AF-C0B6-45AE-A47D-8A23C413CDA9} = {DD7B1C17-1B46-4A0E-8729-C90E2A09A3E6}
		{DD7B1C17-1B46-4A0E-8729-C90E2A09A3E6} = {3E445281-8F17-4763-9112-39A38C12FE16}
		{75155982-29A5-4AB4-924C-03DE0A904C17} = {3F90F0BC-4357-48B0-A92E-DA2826502647}
		{9A710155-9500-4166-A566-9D6E59F68D0A} = {64399D4C-5066-4010-8DD6-71A413C73DF8}
		{64399D4C-5066-4010-8DD6-71A413C73DF8} = {55D85D01-599C-4F78-A116-BDBAEAF0D939}
		{01475B8C-5CC2-4CB6-A048-5CAAB7135FC9} = {64399D4C-5066-4010-8DD6-71A413C73DF8}
	EndGlobalSection
	GlobalSection(ExtensibilityGlobals) = postSolution
		SolutionGuid = {8D54C01A-3C82-4351-A325-2853C3E81322}
	EndGlobalSection
EndGlobal
